// !$*UTF8*$!
{
	archiveVersion = 1;
	classes = {
	};
	objectVersion = 56;
	objects = {

/* Begin PBXBuildFile section */
		BB80F3F82975F1D5005BC5AD /* hello_world_swiftApp.swift in Sources */ = {isa = PBXBuildFile; fileRef = BB80F3F72975F1D5005BC5AD /* hello_world_swiftApp.swift */; };
		BB80F3FA2975F1D5005BC5AD /* ContentView.swift in Sources */ = {isa = PBXBuildFile; fileRef = BB80F3F92975F1D5005BC5AD /* ContentView.swift */; };
		BB80F3FC2975F1D7005BC5AD /* Assets.xcassets in Resources */ = {isa = PBXBuildFile; fileRef = BB80F3FB2975F1D7005BC5AD /* Assets.xcassets */; };
		BB80F4002975F1D7005BC5AD /* Preview Assets.xcassets in Resources */ = {isa = PBXBuildFile; fileRef = BB80F3FF2975F1D7005BC5AD /* Preview Assets.xcassets */; };
		BB80F40A2975F1D8005BC5AD /* hello_world_swiftTests.swift in Sources */ = {isa = PBXBuildFile; fileRef = BB80F4092975F1D8005BC5AD /* hello_world_swiftTests.swift */; };
		BB80F4142975F1D8005BC5AD /* hello_world_swiftUITests.swift in Sources */ = {isa = PBXBuildFile; fileRef = BB80F4132975F1D8005BC5AD /* hello_world_swiftUITests.swift */; };
		BB80F4162975F1D8005BC5AD /* hello_world_swiftUITestsLaunchTests.swift in Sources */ = {isa = PBXBuildFile; fileRef = BB80F4152975F1D8005BC5AD /* hello_world_swiftUITestsLaunchTests.swift */; };
/* End PBXBuildFile section */

/* Begin PBXContainerItemProxy section */
		BB80F4062975F1D8005BC5AD /* PBXContainerItemProxy */ = {
			isa = PBXContainerItemProxy;
			containerPortal = BB80F3EC2975F1D5005BC5AD /* Project object */;
			proxyType = 1;
			remoteGlobalIDString = BB80F3F32975F1D5005BC5AD;
			remoteInfo = "hello world swift";
		};
		BB80F4102975F1D8005BC5AD /* PBXContainerItemProxy */ = {
			isa = PBXContainerItemProxy;
			containerPortal = BB80F3EC2975F1D5005BC5AD /* Project object */;
			proxyType = 1;
			remoteGlobalIDString = BB80F3F32975F1D5005BC5AD;
			remoteInfo = "hello world swift";
		};
/* End PBXContainerItemProxy section */

/* Begin PBXFileReference section */
		BB80F3F42975F1D5005BC5AD /* hello world swift.app */ = {isa = PBXFileReference; explicitFileType = wrapper.application; includeInIndex = 0; path = "hello world swift.app"; sourceTree = BUILT_PRODUCTS_DIR; };
		BB80F3F72975F1D5005BC5AD /* hello_world_swiftApp.swift */ = {isa = PBXFileReference; lastKnownFileType = sourcecode.swift; path = hello_world_swiftApp.swift; sourceTree = "<group>"; };
		BB80F3F92975F1D5005BC5AD /* ContentView.swift */ = {isa = PBXFileReference; lastKnownFileType = sourcecode.swift; path = ContentView.swift; sourceTree = "<group>"; };
		BB80F3FB2975F1D7005BC5AD /* Assets.xcassets */ = {isa = PBXFileReference; lastKnownFileType = folder.assetcatalog; path = Assets.xcassets; sourceTree = "<group>"; };
		BB80F3FD2975F1D7005BC5AD /* hello_world_swift.entitlements */ = {isa = PBXFileReference; lastKnownFileType = text.plist.entitlements; path = hello_world_swift.entitlements; sourceTree = "<group>"; };
		BB80F3FF2975F1D7005BC5AD /* Preview Assets.xcassets */ = {isa = PBXFileReference; lastKnownFileType = folder.assetcatalog; path = "Preview Assets.xcassets"; sourceTree = "<group>"; };
		BB80F4052975F1D8005BC5AD /* hello world swiftTests.xctest */ = {isa = PBXFileReference; explicitFileType = wrapper.cfbundle; includeInIndex = 0; path = "hello world swiftTests.xctest"; sourceTree = BUILT_PRODUCTS_DIR; };
		BB80F4092975F1D8005BC5AD /* hello_world_swiftTests.swift */ = {isa = PBXFileReference; lastKnownFileType = sourcecode.swift; path = hello_world_swiftTests.swift; sourceTree = "<group>"; };
		BB80F40F2975F1D8005BC5AD /* hello world swiftUITests.xctest */ = {isa = PBXFileReference; explicitFileType = wrapper.cfbundle; includeInIndex = 0; path = "hello world swiftUITests.xctest"; sourceTree = BUILT_PRODUCTS_DIR; };
		BB80F4132975F1D8005BC5AD /* hello_world_swiftUITests.swift */ = {isa = PBXFileReference; lastKnownFileType = sourcecode.swift; path = hello_world_swiftUITests.swift; sourceTree = "<group>"; };
		BB80F4152975F1D8005BC5AD /* hello_world_swiftUITestsLaunchTests.swift */ = {isa = PBXFileReference; lastKnownFileType = sourcecode.swift; path = hello_world_swiftUITestsLaunchTests.swift; sourceTree = "<group>"; };
/* End PBXFileReference section */

/* Begin PBXFrameworksBuildPhase section */
		BB80F3F12975F1D5005BC5AD /* Frameworks */ = {
			isa = PBXFrameworksBuildPhase;
			buildActionMask = 2147483647;
			files = (
			);
			runOnlyForDeploymentPostprocessing = 0;
		};
		BB80F4022975F1D8005BC5AD /* Frameworks */ = {
			isa = PBXFrameworksBuildPhase;
			buildActionMask = 2147483647;
			files = (
			);
			runOnlyForDeploymentPostprocessing = 0;
		};
		BB80F40C2975F1D8005BC5AD /* Frameworks */ = {
			isa = PBXFrameworksBuildPhase;
			buildActionMask = 2147483647;
			files = (
			);
			runOnlyForDeploymentPostprocessing = 0;
		};
/* End PBXFrameworksBuildPhase section */

/* Begin PBXGroup section */
		BB80F3EB2975F1D5005BC5AD = {
			isa = PBXGroup;
			children = (
				BB80F3F62975F1D5005BC5AD /* hello world swift */,
				BB80F4082975F1D8005BC5AD /* hello world swiftTests */,
				BB80F4122975F1D8005BC5AD /* hello world swiftUITests */,
				BB80F3F52975F1D5005BC5AD /* Products */,
			);
			sourceTree = "<group>";
		};
		BB80F3F52975F1D5005BC5AD /* Products */ = {
			isa = PBXGroup;
			children = (
				BB80F3F42975F1D5005BC5AD /* hello world swift.app */,
				BB80F4052975F1D8005BC5AD /* hello world swiftTests.xctest */,
				BB80F40F2975F1D8005BC5AD /* hello world swiftUITests.xctest */,
			);
			name = Products;
			sourceTree = "<group>";
		};
		BB80F3F62975F1D5005BC5AD /* hello world swift */ = {
			isa = PBXGroup;
			children = (
				BB80F3F72975F1D5005BC5AD /* hello_world_swiftApp.swift */,
				BB80F3F92975F1D5005BC5AD /* ContentView.swift */,
				BB80F3FB2975F1D7005BC5AD /* Assets.xcassets */,
				BB80F3FD2975F1D7005BC5AD /* hello_world_swift.entitlements */,
				BB80F3FE2975F1D7005BC5AD /* Preview Content */,
			);
			path = "hello world swift";
			sourceTree = "<group>";
		};
		BB80F3FE2975F1D7005BC5AD /* Preview Content */ = {
			isa = PBXGroup;
			children = (
				BB80F3FF2975F1D7005BC5AD /* Preview Assets.xcassets */,
			);
			path = "Preview Content";
			sourceTree = "<group>";
		};
		BB80F4082975F1D8005BC5AD /* hello world swiftTests */ = {
			isa = PBXGroup;
			children = (
				BB80F4092975F1D8005BC5AD /* hello_world_swiftTests.swift */,
			);
			path = "hello world swiftTests";
			sourceTree = "<group>";
		};
		BB80F4122975F1D8005BC5AD /* hello world swiftUITests */ = {
			isa = PBXGroup;
			children = (
				BB80F4132975F1D8005BC5AD /* hello_world_swiftUITests.swift */,
				BB80F4152975F1D8005BC5AD /* hello_world_swiftUITestsLaunchTests.swift */,
			);
			path = "hello world swiftUITests";
			sourceTree = "<group>";
		};
/* End PBXGroup section */

/* Begin PBXNativeTarget section */
		BB80F3F32975F1D5005BC5AD /* hello world swift */ = {
			isa = PBXNativeTarget;
			buildConfigurationList = BB80F4192975F1D8005BC5AD /* Build configuration list for PBXNativeTarget "hello world swift" */;
			buildPhases = (
				BB80F3F02975F1D5005BC5AD /* Sources */,
				BB80F3F12975F1D5005BC5AD /* Frameworks */,
				BB80F3F22975F1D5005BC5AD /* Resources */,
			);
			buildRules = (
			);
			dependencies = (
			);
			name = "hello world swift";
			productName = "hello world swift";
			productReference = BB80F3F42975F1D5005BC5AD /* hello world swift.app */;
			productType = "com.apple.product-type.application";
		};
		BB80F4042975F1D8005BC5AD /* hello world swiftTests */ = {
			isa = PBXNativeTarget;
			buildConfigurationList = BB80F41C2975F1D8005BC5AD /* Build configuration list for PBXNativeTarget "hello world swiftTests" */;
			buildPhases = (
				BB80F4012975F1D8005BC5AD /* Sources */,
				BB80F4022975F1D8005BC5AD /* Frameworks */,
				BB80F4032975F1D8005BC5AD /* Resources */,
			);
			buildRules = (
			);
			dependencies = (
				BB80F4072975F1D8005BC5AD /* PBXTargetDependency */,
			);
			name = "hello world swiftTests";
			productName = "hello world swiftTests";
			productReference = BB80F4052975F1D8005BC5AD /* hello world swiftTests.xctest */;
			productType = "com.apple.product-type.bundle.unit-test";
		};
		BB80F40E2975F1D8005BC5AD /* hello world swiftUITests */ = {
			isa = PBXNativeTarget;
			buildConfigurationList = BB80F41F2975F1D8005BC5AD /* Build configuration list for PBXNativeTarget "hello world swiftUITests" */;
			buildPhases = (
				BB80F40B2975F1D8005BC5AD /* Sources */,
				BB80F40C2975F1D8005BC5AD /* Frameworks */,
				BB80F40D2975F1D8005BC5AD /* Resources */,
			);
			buildRules = (
			);
			dependencies = (
				BB80F4112975F1D8005BC5AD /* PBXTargetDependency */,
			);
			name = "hello world swiftUITests";
			productName = "hello world swiftUITests";
			productReference = BB80F40F2975F1D8005BC5AD /* hello world swiftUITests.xctest */;
			productType = "com.apple.product-type.bundle.ui-testing";
		};
/* End PBXNativeTarget section */

/* Begin PBXProject section */
		BB80F3EC2975F1D5005BC5AD /* Project object */ = {
			isa = PBXProject;
			attributes = {
				BuildIndependentTargetsInParallel = 1;
				LastSwiftUpdateCheck = 1420;
				LastUpgradeCheck = 1420;
				TargetAttributes = {
					BB80F3F32975F1D5005BC5AD = {
						CreatedOnToolsVersion = 14.2;
					};
					BB80F4042975F1D8005BC5AD = {
						CreatedOnToolsVersion = 14.2;
						TestTargetID = BB80F3F32975F1D5005BC5AD;
					};
					BB80F40E2975F1D8005BC5AD = {
						CreatedOnToolsVersion = 14.2;
						TestTargetID = BB80F3F32975F1D5005BC5AD;
					};
				};
			};
			buildConfigurationList = BB80F3EF2975F1D5005BC5AD /* Build configuration list for PBXProject "hello world swift" */;
			compatibilityVersion = "Xcode 14.0";
			developmentRegion = en;
			hasScannedForEncodings = 0;
			knownRegions = (
				en,
				Base,
			);
			mainGroup = BB80F3EB2975F1D5005BC5AD;
			productRefGroup = BB80F3F52975F1D5005BC5AD /* Products */;
			projectDirPath = "";
			projectRoot = "";
			targets = (
				BB80F3F32975F1D5005BC5AD /* hello world swift */,
				BB80F4042975F1D8005BC5AD /* hello world swiftTests */,
				BB80F40E2975F1D8005BC5AD /* hello world swiftUITests */,
			);
		};
/* End PBXProject section */

/* Begin PBXResourcesBuildPhase section */
		BB80F3F22975F1D5005BC5AD /* Resources */ = {
			isa = PBXResourcesBuildPhase;
			buildActionMask = 2147483647;
			files = (
				BB80F4002975F1D7005BC5AD /* Preview Assets.xcassets in Resources */,
				BB80F3FC2975F1D7005BC5AD /* Assets.xcassets in Resources */,
			);
			runOnlyForDeploymentPostprocessing = 0;
		};
		BB80F4032975F1D8005BC5AD /* Resources */ = {
			isa = PBXResourcesBuildPhase;
			buildActionMask = 2147483647;
			files = (
			);
			runOnlyForDeploymentPostprocessing = 0;
		};
		BB80F40D2975F1D8005BC5AD /* Resources */ = {
			isa = PBXResourcesBuildPhase;
			buildActionMask = 2147483647;
			files = (
			);
			runOnlyForDeploymentPostprocessing = 0;
		};
/* End PBXResourcesBuildPhase section */

/* Begin PBXSourcesBuildPhase section */
		BB80F3F02975F1D5005BC5AD /* Sources */ = {
			isa = PBXSourcesBuildPhase;
			buildActionMask = 2147483647;
			files = (
				BB80F3FA2975F1D5005BC5AD /* ContentView.swift in Sources */,
				BB80F3F82975F1D5005BC5AD /* hello_world_swiftApp.swift in Sources */,
			);
			runOnlyForDeploymentPostprocessing = 0;
		};
		BB80F4012975F1D8005BC5AD /* Sources */ = {
			isa = PBXSourcesBuildPhase;
			buildActionMask = 2147483647;
			files = (
				BB80F40A2975F1D8005BC5AD /* hello_world_swiftTests.swift in Sources */,
			);
			runOnlyForDeploymentPostprocessing = 0;
		};
		BB80F40B2975F1D8005BC5AD /* Sources */ = {
			isa = PBXSourcesBuildPhase;
			buildActionMask = 2147483647;
			files = (
				BB80F4162975F1D8005BC5AD /* hello_world_swiftUITestsLaunchTests.swift in Sources */,
				BB80F4142975F1D8005BC5AD /* hello_world_swiftUITests.swift in Sources */,
			);
			runOnlyForDeploymentPostprocessing = 0;
		};
/* End PBXSourcesBuildPhase section */

/* Begin PBXTargetDependency section */
		BB80F4072975F1D8005BC5AD /* PBXTargetDependency */ = {
			isa = PBXTargetDependency;
			target = BB80F3F32975F1D5005BC5AD /* hello world swift */;
			targetProxy = BB80F4062975F1D8005BC5AD /* PBXContainerItemProxy */;
		};
		BB80F4112975F1D8005BC5AD /* PBXTargetDependency */ = {
			isa = PBXTargetDependency;
			target = BB80F3F32975F1D5005BC5AD /* hello world swift */;
			targetProxy = BB80F4102975F1D8005BC5AD /* PBXContainerItemProxy */;
		};
/* End PBXTargetDependency section */

/* Begin XCBuildConfiguration section */
		BB80F4172975F1D8005BC5AD /* Debug */ = {
			isa = XCBuildConfiguration;
			buildSettings = {
				ALWAYS_SEARCH_USER_PATHS = NO;
				CLANG_ANALYZER_NONNULL = YES;
				CLANG_ANALYZER_NUMBER_OBJECT_CONVERSION = YES_AGGRESSIVE;
				CLANG_CXX_LANGUAGE_STANDARD = "gnu++20";
				CLANG_ENABLE_MODULES = YES;
				CLANG_ENABLE_OBJC_ARC = YES;
				CLANG_ENABLE_OBJC_WEAK = YES;
				CLANG_WARN_BLOCK_CAPTURE_AUTORELEASING = YES;
				CLANG_WARN_BOOL_CONVERSION = YES;
				CLANG_WARN_COMMA = YES;
				CLANG_WARN_CONSTANT_CONVERSION = YES;
				CLANG_WARN_DEPRECATED_OBJC_IMPLEMENTATIONS = YES;
				CLANG_WARN_DIRECT_OBJC_ISA_USAGE = YES_ERROR;
				CLANG_WARN_DOCUMENTATION_COMMENTS = YES;
				CLANG_WARN_EMPTY_BODY = YES;
				CLANG_WARN_ENUM_CONVERSION = YES;
				CLANG_WARN_INFINITE_RECURSION = YES;
				CLANG_WARN_INT_CONVERSION = YES;
				CLANG_WARN_NON_LITERAL_NULL_CONVERSION = YES;
				CLANG_WARN_OBJC_IMPLICIT_RETAIN_SELF = YES;
				CLANG_WARN_OBJC_LITERAL_CONVERSION = YES;
				CLANG_WARN_OBJC_ROOT_CLASS = YES_ERROR;
				CLANG_WARN_QUOTED_INCLUDE_IN_FRAMEWORK_HEADER = YES;
				CLANG_WARN_RANGE_LOOP_ANALYSIS = YES;
				CLANG_WARN_STRICT_PROTOTYPES = YES;
				CLANG_WARN_SUSPICIOUS_MOVE = YES;
				CLANG_WARN_UNGUARDED_AVAILABILITY = YES_AGGRESSIVE;
				CLANG_WARN_UNREACHABLE_CODE = YES;
				CLANG_WARN__DUPLICATE_METHOD_MATCH = YES;
				COPY_PHASE_STRIP = NO;
				DEBUG_INFORMATION_FORMAT = dwarf;
				ENABLE_STRICT_OBJC_MSGSEND = YES;
				ENABLE_TESTABILITY = YES;
				GCC_C_LANGUAGE_STANDARD = gnu11;
				GCC_DYNAMIC_NO_PIC = NO;
				GCC_NO_COMMON_BLOCKS = YES;
				GCC_OPTIMIZATION_LEVEL = 0;
				GCC_PREPROCESSOR_DEFINITIONS = (
					"DEBUG=1",
					"$(inherited)",
				);
				GCC_WARN_64_TO_32_BIT_CONVERSION = YES;
				GCC_WARN_ABOUT_RETURN_TYPE = YES_ERROR;
				GCC_WARN_UNDECLARED_SELECTOR = YES;
				GCC_WARN_UNINITIALIZED_AUTOS = YES_AGGRESSIVE;
				GCC_WARN_UNUSED_FUNCTION = YES;
				GCC_WARN_UNUSED_VARIABLE = YES;
				MTL_ENABLE_DEBUG_INFO = INCLUDE_SOURCE;
				MTL_FAST_MATH = YES;
				ONLY_ACTIVE_ARCH = YES;
				SWIFT_ACTIVE_COMPILATION_CONDITIONS = DEBUG;
				SWIFT_OPTIMIZATION_LEVEL = "-Onone";
			};
			name = Debug;
		};
		BB80F4182975F1D8005BC5AD /* Release */ = {
			isa = XCBuildConfiguration;
			buildSettings = {
				ALWAYS_SEARCH_USER_PATHS = NO;
				CLANG_ANALYZER_NONNULL = YES;
				CLANG_ANALYZER_NUMBER_OBJECT_CONVERSION = YES_AGGRESSIVE;
				CLANG_CXX_LANGUAGE_STANDARD = "gnu++20";
				CLANG_ENABLE_MODULES = YES;
				CLANG_ENABLE_OBJC_ARC = YES;
				CLANG_ENABLE_OBJC_WEAK = YES;
				CLANG_WARN_BLOCK_CAPTURE_AUTORELEASING = YES;
				CLANG_WARN_BOOL_CONVERSION = YES;
				CLANG_WARN_COMMA = YES;
				CLANG_WARN_CONSTANT_CONVERSION = YES;
				CLANG_WARN_DEPRECATED_OBJC_IMPLEMENTATIONS = YES;
				CLANG_WARN_DIRECT_OBJC_ISA_USAGE = YES_ERROR;
				CLANG_WARN_DOCUMENTATION_COMMENTS = YES;
				CLANG_WARN_EMPTY_BODY = YES;
				CLANG_WARN_ENUM_CONVERSION = YES;
				CLANG_WARN_INFINITE_RECURSION = YES;
				CLANG_WARN_INT_CONVERSION = YES;
				CLANG_WARN_NON_LITERAL_NULL_CONVERSION = YES;
				CLANG_WARN_OBJC_IMPLICIT_RETAIN_SELF = YES;
				CLANG_WARN_OBJC_LITERAL_CONVERSION = YES;
				CLANG_WARN_OBJC_ROOT_CLASS = YES_ERROR;
				CLANG_WARN_QUOTED_INCLUDE_IN_FRAMEWORK_HEADER = YES;
				CLANG_WARN_RANGE_LOOP_ANALYSIS = YES;
				CLANG_WARN_STRICT_PROTOTYPES = YES;
				CLANG_WARN_SUSPICIOUS_MOVE = YES;
				CLANG_WARN_UNGUARDED_AVAILABILITY = YES_AGGRESSIVE;
				CLANG_WARN_UNREACHABLE_CODE = YES;
				CLANG_WARN__DUPLICATE_METHOD_MATCH = YES;
				COPY_PHASE_STRIP = NO;
				DEBUG_INFORMATION_FORMAT = "dwarf-with-dsym";
				ENABLE_NS_ASSERTIONS = NO;
				ENABLE_STRICT_OBJC_MSGSEND = YES;
				GCC_C_LANGUAGE_STANDARD = gnu11;
				GCC_NO_COMMON_BLOCKS = YES;
				GCC_WARN_64_TO_32_BIT_CONVERSION = YES;
				GCC_WARN_ABOUT_RETURN_TYPE = YES_ERROR;
				GCC_WARN_UNDECLARED_SELECTOR = YES;
				GCC_WARN_UNINITIALIZED_AUTOS = YES_AGGRESSIVE;
				GCC_WARN_UNUSED_FUNCTION = YES;
				GCC_WARN_UNUSED_VARIABLE = YES;
				MTL_ENABLE_DEBUG_INFO = NO;
				MTL_FAST_MATH = YES;
				SWIFT_COMPILATION_MODE = wholemodule;
				SWIFT_OPTIMIZATION_LEVEL = "-O";
			};
			name = Release;
		};
		BB80F41A2975F1D8005BC5AD /* Debug */ = {
			isa = XCBuildConfiguration;
			buildSettings = {
				ASSETCATALOG_COMPILER_APPICON_NAME = AppIcon;
				ASSETCATALOG_COMPILER_GLOBAL_ACCENT_COLOR_NAME = AccentColor;
				CODE_SIGN_ENTITLEMENTS = "hello world swift/hello_world_swift.entitlements";
				CODE_SIGN_STYLE = Automatic;
				CURRENT_PROJECT_VERSION = 1;
				DEVELOPMENT_ASSET_PATHS = "\"hello world swift/Preview Content\"";
				ENABLE_PREVIEWS = YES;
				GENERATE_INFOPLIST_FILE = YES;
				"INFOPLIST_KEY_UIApplicationSceneManifest_Generation[sdk=iphoneos*]" = YES;
				"INFOPLIST_KEY_UIApplicationSceneManifest_Generation[sdk=iphonesimulator*]" = YES;
				"INFOPLIST_KEY_UIApplicationSupportsIndirectInputEvents[sdk=iphoneos*]" = YES;
				"INFOPLIST_KEY_UIApplicationSupportsIndirectInputEvents[sdk=iphonesimulator*]" = YES;
				"INFOPLIST_KEY_UILaunchScreen_Generation[sdk=iphoneos*]" = YES;
				"INFOPLIST_KEY_UILaunchScreen_Generation[sdk=iphonesimulator*]" = YES;
				"INFOPLIST_KEY_UIStatusBarStyle[sdk=iphoneos*]" = UIStatusBarStyleDefault;
				"INFOPLIST_KEY_UIStatusBarStyle[sdk=iphonesimulator*]" = UIStatusBarStyleDefault;
				INFOPLIST_KEY_UISupportedInterfaceOrientations_iPad = "UIInterfaceOrientationPortrait UIInterfaceOrientationPortraitUpsideDown UIInterfaceOrientationLandscapeLeft UIInterfaceOrientationLandscapeRight";
				INFOPLIST_KEY_UISupportedInterfaceOrientations_iPhone = "UIInterfaceOrientationPortrait UIInterfaceOrientationLandscapeLeft UIInterfaceOrientationLandscapeRight";
				IPHONEOS_DEPLOYMENT_TARGET = 16.2;
				LD_RUNPATH_SEARCH_PATHS = "@executable_path/Frameworks";
				"LD_RUNPATH_SEARCH_PATHS[sdk=macosx*]" = "@executable_path/../Frameworks";
				MACOSX_DEPLOYMENT_TARGET = 13.1;
				MARKETING_VERSION = 1.0;
				PRODUCT_BUNDLE_IDENTIFIER = "seikahirori.hello-world-swift";
				PRODUCT_NAME = "$(TARGET_NAME)";
				SDKROOT = auto;
				SUPPORTED_PLATFORMS = "iphoneos iphonesimulator macosx";
				SWIFT_EMIT_LOC_STRINGS = YES;
				SWIFT_VERSION = 5.0;
				TARGETED_DEVICE_FAMILY = "1,2";
			};
			name = Debug;
		};
		BB80F41B2975F1D8005BC5AD /* Release */ = {
			isa = XCBuildConfiguration;
			buildSettings = {
				ASSETCATALOG_COMPILER_APPICON_NAME = AppIcon;
				ASSETCATALOG_COMPILER_GLOBAL_ACCENT_COLOR_NAME = AccentColor;
				CODE_SIGN_ENTITLEMENTS = "hello world swift/hello_world_swift.entitlements";
				CODE_SIGN_STYLE = Automatic;
				CURRENT_PROJECT_VERSION = 1;
				DEVELOPMENT_ASSET_PATHS = "\"hello world swift/Preview Content\"";
				ENABLE_PREVIEWS = YES;
				GENERATE_INFOPLIST_FILE = YES;
				"INFOPLIST_KEY_UIApplicationSceneManifest_Generation[sdk=iphoneos*]" = YES;
				"INFOPLIST_KEY_UIApplicationSceneManifest_Generation[sdk=iphonesimulator*]" = YES;
				"INFOPLIST_KEY_UIApplicationSupportsIndirectInputEvents[sdk=iphoneos*]" = YES;
				"INFOPLIST_KEY_UIApplicationSupportsIndirectInputEvents[sdk=iphonesimulator*]" = YES;
				"INFOPLIST_KEY_UILaunchScreen_Generation[sdk=iphoneos*]" = YES;
				"INFOPLIST_KEY_UILaunchScreen_Generation[sdk=iphonesimulator*]" = YES;
				"INFOPLIST_KEY_UIStatusBarStyle[sdk=iphoneos*]" = UIStatusBarStyleDefault;
				"INFOPLIST_KEY_UIStatusBarStyle[sdk=iphonesimulator*]" = UIStatusBarStyleDefault;
				INFOPLIST_KEY_UISupportedInterfaceOrientations_iPad = "UIInterfaceOrientationPortrait UIInterfaceOrientationPortraitUpsideDown UIInterfaceOrientationLandscapeLeft UIInterfaceOrientationLandscapeRight";
				INFOPLIST_KEY_UISupportedInterfaceOrientations_iPhone = "UIInterfaceOrientationPortrait UIInterfaceOrientationLandscapeLeft UIInterfaceOrientationLandscapeRight";
				IPHONEOS_DEPLOYMENT_TARGET = 16.2;
				LD_RUNPATH_SEARCH_PATHS = "@executable_path/Frameworks";
				"LD_RUNPATH_SEARCH_PATHS[sdk=macosx*]" = "@executable_path/../Frameworks";
				MACOSX_DEPLOYMENT_TARGET = 13.1;
				MARKETING_VERSION = 1.0;
				PRODUCT_BUNDLE_IDENTIFIER = "seikahirori.hello-world-swift";
				PRODUCT_NAME = "$(TARGET_NAME)";
				SDKROOT = auto;
				SUPPORTED_PLATFORMS = "iphoneos iphonesimulator macosx";
				SWIFT_EMIT_LOC_STRINGS = YES;
				SWIFT_VERSION = 5.0;
				TARGETED_DEVICE_FAMILY = "1,2";
			};
			name = Release;
		};
		BB80F41D2975F1D8005BC5AD /* Debug */ = {
			isa = XCBuildConfiguration;
			buildSettings = {
				ALWAYS_EMBED_SWIFT_STANDARD_LIBRARIES = YES;
				BUNDLE_LOADER = "$(TEST_HOST)";
				CODE_SIGN_STYLE = Automatic;
				CURRENT_PROJECT_VERSION = 1;
				GENERATE_INFOPLIST_FILE = YES;
				IPHONEOS_DEPLOYMENT_TARGET = 16.2;
				MACOSX_DEPLOYMENT_TARGET = 13.1;
				MARKETING_VERSION = 1.0;
				PRODUCT_BUNDLE_IDENTIFIER = "seikahirori.hello-world-swiftTests";
				PRODUCT_NAME = "$(TARGET_NAME)";
				SDKROOT = auto;
				SUPPORTED_PLATFORMS = "iphoneos iphonesimulator macosx";
				SWIFT_EMIT_LOC_STRINGS = NO;
				SWIFT_VERSION = 5.0;
				TARGETED_DEVICE_FAMILY = "1,2";
				TEST_HOST = "$(BUILT_PRODUCTS_DIR)/hello world swift.app/$(BUNDLE_EXECUTABLE_FOLDER_PATH)/hello world swift";
			};
			name = Debug;
		};
		BB80F41E2975F1D8005BC5AD /* Release */ = {
			isa = XCBuildConfiguration;
			buildSettings = {
				ALWAYS_EMBED_SWIFT_STANDARD_LIBRARIES = YES;
				BUNDLE_LOADER = "$(TEST_HOST)";
				CODE_SIGN_STYLE = Automatic;
				CURRENT_PROJECT_VERSION = 1;
				GENERATE_INFOPLIST_FILE = YES;
				IPHONEOS_DEPLOYMENT_TARGET = 16.2;
				MACOSX_DEPLOYMENT_TARGET = 13.1;
				MARKETING_VERSION = 1.0;
				PRODUCT_BUNDLE_IDENTIFIER = "seikahirori.hello-world-swiftTests";
				PRODUCT_NAME = "$(TARGET_NAME)";
				SDKROOT = auto;
				SUPPORTED_PLATFORMS = "iphoneos iphonesimulator macosx";
				SWIFT_EMIT_LOC_STRINGS = NO;
				SWIFT_VERSION = 5.0;
				TARGETED_DEVICE_FAMILY = "1,2";
				TEST_HOST = "$(BUILT_PRODUCTS_DIR)/hello world swift.app/$(BUNDLE_EXECUTABLE_FOLDER_PATH)/hello world swift";
			};
			name = Release;
		};
		BB80F4202975F1D8005BC5AD /* Debug */ = {
			isa = XCBuildConfiguration;
			buildSettings = {
				ALWAYS_EMBED_SWIFT_STANDARD_LIBRARIES = YES;
				CODE_SIGN_STYLE = Automatic;
				CURRENT_PROJECT_VERSION = 1;
				GENERATE_INFOPLIST_FILE = YES;
				IPHONEOS_DEPLOYMENT_TARGET = 16.2;
				MACOSX_DEPLOYMENT_TARGET = 13.1;
				MARKETING_VERSION = 1.0;
				PRODUCT_BUNDLE_IDENTIFIER = "seikahirori.hello-world-swiftUITests";
				PRODUCT_NAME = "$(TARGET_NAME)";
				SDKROOT = auto;
				SUPPORTED_PLATFORMS = "iphoneos iphonesimulator macosx";
				SWIFT_EMIT_LOC_STRINGS = NO;
				SWIFT_VERSION = 5.0;
				TARGETED_DEVICE_FAMILY = "1,2";
				TEST_TARGET_NAME = "hello world swift";
			};
			name = Debug;
		};
		BB80F4212975F1D8005BC5AD /* Release */ = {
			isa = XCBuildConfiguration;
			buildSettings = {
				ALWAYS_EMBED_SWIFT_STANDARD_LIBRARIES = YES;
				CODE_SIGN_STYLE = Automatic;
				CURRENT_PROJECT_VERSION = 1;
				GENERATE_INFOPLIST_FILE = YES;
				IPHONEOS_DEPLOYMENT_TARGET = 16.2;
				MACOSX_DEPLOYMENT_TARGET = 13.1;
				MARKETING_VERSION = 1.0;
				PRODUCT_BUNDLE_IDENTIFIER = "seikahirori.hello-world-swiftUITests";
				PRODUCT_NAME = "$(TARGET_NAME)";
				SDKROOT = auto;
				SUPPORTED_PLATFORMS = "iphoneos iphonesimulator macosx";
				SWIFT_EMIT_LOC_STRINGS = NO;
				SWIFT_VERSION = 5.0;
				TARGETED_DEVICE_FAMILY = "1,2";
				TEST_TARGET_NAME = "hello world swift";
			};
			name = Release;
		};
/* End XCBuildConfiguration section */

/* Begin XCConfigurationList section */
		BB80F3EF2975F1D5005BC5AD /* Build configuration list for PBXProject "hello world swift" */ = {
			isa = XCConfigurationList;
			buildConfigurations = (
				BB80F4172975F1D8005BC5AD /* Debug */,
				BB80F4182975F1D8005BC5AD /* Release */,
			);
			defaultConfigurationIsVisible = 0;
			defaultConfigurationName = Release;
		};
		BB80F4192975F1D8005BC5AD /* Build configuration list for PBXNativeTarget "hello world swift" */ = {
			isa = XCConfigurationList;
			buildConfigurations = (
				BB80F41A2975F1D8005BC5AD /* Debug */,
				BB80F41B2975F1D8005BC5AD /* Release */,
			);
			defaultConfigurationIsVisible = 0;
			defaultConfigurationName = Release;
		};
		BB80F41C2975F1D8005BC5AD /* Build configuration list for PBXNativeTarget "hello world swiftTests" */ = {
			isa = XCConfigurationList;
			buildConfigurations = (
				BB80F41D2975F1D8005BC5AD /* Debug */,
				BB80F41E2975F1D8005BC5AD /* Release */,
			);
			defaultConfigurationIsVisible = 0;
			defaultConfigurationName = Release;
		};
		BB80F41F2975F1D8005BC5AD /* Build configuration list for PBXNativeTarget "hello world swiftUITests" */ = {
			isa = XCConfigurationList;
			buildConfigurations = (
				BB80F4202975F1D8005BC5AD /* Debug */,
				BB80F4212975F1D8005BC5AD /* Release */,
			);
			defaultConfigurationIsVisible = 0;
			defaultConfigurationName = Release;
		};
/* End XCConfigurationList section */
	};
	rootObject = BB80F3EC2975F1D5005BC5AD /* Project object */;
}
